
Microsoft Visual Studio Solution File, Format Version 12.00
# Visual Studio Version 17
VisualStudioVersion = 17.11.35327.3
MinimumVisualStudioVersion = 10.0.40219.1
Project("{FAE04EC0-301F-11D3-BF4B-00C04F79EFBC}") = "TNews", "TNews\TNews.csproj", "{92BBFA47-AF31-4D3B-9231-70296EC7BC27}"
EndProject
Global
	GlobalSection(SolutionConfigurationPlatforms) = preSolution
		Debug|Any CPU = Debug|Any CPU
		Release|Any CPU = Release|Any CPU
	EndGlobalSection
	GlobalSection(ProjectConfigurationPlatforms) = postSolution
		{92BBFA47-AF31-4D3B-9231-70296EC7BC27}.Debug|Any CPU.ActiveCfg = Debug|Any CPU
		{92BBFA47-AF31-4D3B-9231-70296EC7BC27}.Debug|Any CPU.Build.0 = Debug|Any CPU
		{92BBFA47-AF31-4D3B-9231-70296EC7BC27}.Release|Any CPU.ActiveCfg = Release|Any CPU
		{92BBFA47-AF31-4D3B-9231-70296EC7BC27}.Release|Any CPU.Build.0 = Release|Any CPU
	EndGlobalSection
	GlobalSection(SolutionProperties) = preSolution
		HideSolutionNode = FALSE
	EndGlobalSection
	GlobalSection(ExtensibilityGlobals) = postSolution
		SolutionGuid = {27E40531-CF53-4696-9259-F9E162EB1965}
	EndGlobalSection
EndGlobal
